
Microsoft Visual Studio Solution File, Format Version 12.00
# Visual Studio Version 17
VisualStudioVersion = 17.3.32811.315
MinimumVisualStudioVersion = 10.0.40219.1
Project("{FAE04EC0-301F-11D3-BF4B-00C04F79EFBC}") = "PROYEECTO - SIMULADOR DE CAJERO AUTOMATICO", "PROYEECTO - SIMULADOR DE CAJERO AUTOMATICO\PROYEECTO - SIMULADOR DE CAJERO AUTOMATICO.csproj", "{AD9C72D7-8C10-485C-98F7-87367DCE5A3D}"
EndProject
Global
	GlobalSection(SolutionConfigurationPlatforms) = preSolution
		Debug|Any CPU = Debug|Any CPU
		Release|Any CPU = Release|Any CPU
	EndGlobalSection
	GlobalSection(ProjectConfigurationPlatforms) = postSolution
		{AD9C72D7-8C10-485C-98F7-87367DCE5A3D}.Debug|Any CPU.ActiveCfg = Debug|Any CPU
		{AD9C72D7-8C10-485C-98F7-87367DCE5A3D}.Debug|Any CPU.Build.0 = Debug|Any CPU
		{AD9C72D7-8C10-485C-98F7-87367DCE5A3D}.Release|Any CPU.ActiveCfg = Release|Any CPU
		{AD9C72D7-8C10-485C-98F7-87367DCE5A3D}.Release|Any CPU.Build.0 = Release|Any CPU
	EndGlobalSection
	GlobalSection(SolutionProperties) = preSolution
		HideSolutionNode = FALSE
	EndGlobalSection
	GlobalSection(ExtensibilityGlobals) = postSolution
		SolutionGuid = {23F64E76-4C4B-4C61-B14A-B881E1AD520D}
	EndGlobalSection
EndGlobal
